// !$*UTF8*$!
{
	archiveVersion = 1;
	classes = {
	};
	objectVersion = 46;
	objects = {

/* Begin PBXBuildFile section */
		5808B5CB192925FF00B94E07 /* RnViewControllerRoot.m in Sources */ = {isa = PBXBuildFile; fileRef = 5808B5CA192925FF00B94E07 /* RnViewControllerRoot.m */; };
		5808B5CE1929261D00B94E07 /* RnViewControllerConfirmation.m in Sources */ = {isa = PBXBuildFile; fileRef = 5808B5CD1929261D00B94E07 /* RnViewControllerConfirmation.m */; };
		5808B5D1192926B900B94E07 /* RnViewControllerFrame.m in Sources */ = {isa = PBXBuildFile; fileRef = 5808B5D0192926B900B94E07 /* RnViewControllerFrame.m */; };
		5808B5D4192926CE00B94E07 /* RnViewControllerSaturation.m in Sources */ = {isa = PBXBuildFile; fileRef = 5808B5D3192926CE00B94E07 /* RnViewControllerSaturation.m */; };
		5808B5D71929270E00B94E07 /* RnViewControllerColor.m in Sources */ = {isa = PBXBuildFile; fileRef = 5808B5D61929270E00B94E07 /* RnViewControllerColor.m */; };
		5808B5DA1929279700B94E07 /* RnViewControllerExport.m in Sources */ = {isa = PBXBuildFile; fileRef = 5808B5D91929279700B94E07 /* RnViewControllerExport.m */; };
		5809F2441929F93F00F1296E /* RnViewControllerHome.m in Sources */ = {isa = PBXBuildFile; fileRef = 5809F2431929F93F00F1296E /* RnViewControllerHome.m */; };
		5809F24C1929FAB100F1296E /* RnViewHomeLauncher.m in Sources */ = {isa = PBXBuildFile; fileRef = 5809F24B1929FAB100F1296E /* RnViewHomeLauncher.m */; };
		5819F8FA192799EC002282A0 /* UIDevice+extend.m in Sources */ = {isa = PBXBuildFile; fileRef = 5819F8ED192799EC002282A0 /* UIDevice+extend.m */; };
		5819F8FB192799EC002282A0 /* UIScreen+extend.m in Sources */ = {isa = PBXBuildFile; fileRef = 5819F8EF192799EC002282A0 /* UIScreen+extend.m */; };
		5819F8FC192799EC002282A0 /* UIView+extend.m in Sources */ = {isa = PBXBuildFile; fileRef = 5819F8F1192799EC002282A0 /* UIView+extend.m */; };
		5819F8FD192799EC002282A0 /* UIScrollView+extend.m in Sources */ = {isa = PBXBuildFile; fileRef = 5819F8F3192799EC002282A0 /* UIScrollView+extend.m */; };
		5819F8FE192799EC002282A0 /* UIImage+extend.m in Sources */ = {isa = PBXBuildFile; fileRef = 5819F8F5192799EC002282A0 /* UIImage+extend.m */; };
		5819F8FF192799EC002282A0 /* UIViewController+extend.m in Sources */ = {isa = PBXBuildFile; fileRef = 5819F8F7192799EC002282A0 /* UIViewController+extend.m */; };
		5819F900192799EC002282A0 /* UIImagePickerController+extend.m in Sources */ = {isa = PBXBuildFile; fileRef = 5819F8F9192799EC002282A0 /* UIImagePickerController+extend.m */; };
		5819F9041927A807002282A0 /* RnCurrentImage.m in Sources */ = {isa = PBXBuildFile; fileRef = 5819F9031927A807002282A0 /* RnCurrentImage.m */; };
		5898FDDE192A5F8A00901333 /* RnViewNavigationBar.m in Sources */ = {isa = PBXBuildFile; fileRef = 5898FDDD192A5F8A00901333 /* RnViewNavigationBar.m */; };
		5898FDE4192A67D200901333 /* Aller_Bd.ttf in Resources */ = {isa = PBXBuildFile; fileRef = 5898FDE1192A67D200901333 /* Aller_Bd.ttf */; };
		5898FDE5192A67D200901333 /* ClearSans-Bold.ttf in Resources */ = {isa = PBXBuildFile; fileRef = 5898FDE2192A67D200901333 /* ClearSans-Bold.ttf */; };
		5898FDE6192A67D200901333 /* mplus-1c-bold.ttf in Resources */ = {isa = PBXBuildFile; fileRef = 5898FDE3192A67D200901333 /* mplus-1c-bold.ttf */; };
		5898FDE9192A683700901333 /* RnViewLabel.m in Sources */ = {isa = PBXBuildFile; fileRef = 5898FDE8192A683700901333 /* RnViewLabel.m */; };
		5898FDF1192A6E9700901333 /* Localizable.strings in Resources */ = {isa = PBXBuildFile; fileRef = 5898FDF3192A6E9700901333 /* Localizable.strings */; };
		5898FDF8192A711400901333 /* RnViewNavigationBarButton.m in Sources */ = {isa = PBXBuildFile; fileRef = 5898FDF7192A711400901333 /* RnViewNavigationBarButton.m */; };
		58F0526F19273C42006BE37F /* CoreMedia.framework in Frameworks */ = {isa = PBXBuildFile; fileRef = 58F0526E19273C42006BE37F /* CoreMedia.framework */; };
		58F0527119273C4A006BE37F /* CoreVideo.framework in Frameworks */ = {isa = PBXBuildFile; fileRef = 58F0527019273C4A006BE37F /* CoreVideo.framework */; };
		58F0527319273C54006BE37F /* OpenGLES.framework in Frameworks */ = {isa = PBXBuildFile; fileRef = 58F0527219273C54006BE37F /* OpenGLES.framework */; };
		58F0527519273C5C006BE37F /* AVFoundation.framework in Frameworks */ = {isa = PBXBuildFile; fileRef = 58F0527419273C5C006BE37F /* AVFoundation.framework */; };
		58F0527719273C64006BE37F /* QuartzCore.framework in Frameworks */ = {isa = PBXBuildFile; fileRef = 58F0527619273C64006BE37F /* QuartzCore.framework */; };
		58F0527919273C6C006BE37F /* AssetsLibrary.framework in Frameworks */ = {isa = PBXBuildFile; fileRef = 58F0527819273C6C006BE37F /* AssetsLibrary.framework */; };
		58F0527A19273C73006BE37F /* libGPUImage.a in Frameworks */ = {isa = PBXBuildFile; fileRef = 58F0526A19273B2B006BE37F /* libGPUImage.a */; };
		58F0527E19273E92006BE37F /* RnFilterDryBrush.m in Sources */ = {isa = PBXBuildFile; fileRef = 58F0527D19273E92006BE37F /* RnFilterDryBrush.m */; };
		58F444FB192A323800D2C512 /* RnViewHomeGallery.m in Sources */ = {isa = PBXBuildFile; fileRef = 58F444FA192A323800D2C512 /* RnViewHomeGallery.m */; };
		58F44501192A362800D2C512 /* RnCurrentSettings.m in Sources */ = {isa = PBXBuildFile; fileRef = 58F44500192A362800D2C512 /* RnCurrentSettings.m */; };
		58F44504192A3BB900D2C512 /* RnViewHomeGalleryItemButton.m in Sources */ = {isa = PBXBuildFile; fileRef = 58F44503192A3BB900D2C512 /* RnViewHomeGalleryItemButton.m */; };
		58F828971924B3E20044C092 /* Foundation.framework in Frameworks */ = {isa = PBXBuildFile; fileRef = 58F828961924B3E20044C092 /* Foundation.framework */; };
		58F828991924B3E20044C092 /* CoreGraphics.framework in Frameworks */ = {isa = PBXBuildFile; fileRef = 58F828981924B3E20044C092 /* CoreGraphics.framework */; };
		58F8289B1924B3E20044C092 /* UIKit.framework in Frameworks */ = {isa = PBXBuildFile; fileRef = 58F8289A1924B3E20044C092 /* UIKit.framework */; };
		58F828A11924B3E20044C092 /* InfoPlist.strings in Resources */ = {isa = PBXBuildFile; fileRef = 58F8289F1924B3E20044C092 /* InfoPlist.strings */; };
		58F828A31924B3E20044C092 /* main.m in Sources */ = {isa = PBXBuildFile; fileRef = 58F828A21924B3E20044C092 /* main.m */; };
		58F828A71924B3E20044C092 /* AppDelegate.m in Sources */ = {isa = PBXBuildFile; fileRef = 58F828A61924B3E20044C092 /* AppDelegate.m */; };
		58F828AA1924B3E20044C092 /* Main_iPhone.storyboard in Resources */ = {isa = PBXBuildFile; fileRef = 58F828A81924B3E20044C092 /* Main_iPhone.storyboard */; };
		58F828AD1924B3E20044C092 /* Main_iPad.storyboard in Resources */ = {isa = PBXBuildFile; fileRef = 58F828AB1924B3E20044C092 /* Main_iPad.storyboard */; };
		58F828B01924B3E20044C092 /* ViewController.m in Sources */ = {isa = PBXBuildFile; fileRef = 58F828AF1924B3E20044C092 /* ViewController.m */; };
		58F828B21924B3E20044C092 /* Images.xcassets in Resources */ = {isa = PBXBuildFile; fileRef = 58F828B11924B3E20044C092 /* Images.xcassets */; };
		58F828B91924B3E20044C092 /* XCTest.framework in Frameworks */ = {isa = PBXBuildFile; fileRef = 58F828B81924B3E20044C092 /* XCTest.framework */; };
		58F828BA1924B3E20044C092 /* Foundation.framework in Frameworks */ = {isa = PBXBuildFile; fileRef = 58F828961924B3E20044C092 /* Foundation.framework */; };
		58F828BB1924B3E20044C092 /* UIKit.framework in Frameworks */ = {isa = PBXBuildFile; fileRef = 58F8289A1924B3E20044C092 /* UIKit.framework */; };
		58F828C31924B3E20044C092 /* InfoPlist.strings in Resources */ = {isa = PBXBuildFile; fileRef = 58F828C11924B3E20044C092 /* InfoPlist.strings */; };
		58F828C51924B3E20044C092 /* RenoirTests.m in Sources */ = {isa = PBXBuildFile; fileRef = 58F828C41924B3E20044C092 /* RenoirTests.m */; };
		58F828D01924B41B0044C092 /* UnkoViewController.m in Sources */ = {isa = PBXBuildFile; fileRef = 58F828CF1924B41A0044C092 /* UnkoViewController.m */; };
/* End PBXBuildFile section */

/* Begin PBXContainerItemProxy section */
		58F0526919273B2B006BE37F /* PBXContainerItemProxy */ = {
			isa = PBXContainerItemProxy;
			containerPortal = 58F0526319273B2A006BE37F /* GPUImage.xcodeproj */;
			proxyType = 2;
			remoteGlobalIDString = BCF1A33414DDB1EC00852800;
			remoteInfo = GPUImage;
		};
		58F0526B19273B2B006BE37F /* PBXContainerItemProxy */ = {
			isa = PBXContainerItemProxy;
			containerPortal = 58F0526319273B2A006BE37F /* GPUImage.xcodeproj */;
			proxyType = 2;
			remoteGlobalIDString = BCF1A34414DDB1EC00852800;
			remoteInfo = GPUImageTests;
		};
		58F828BC1924B3E20044C092 /* PBXContainerItemProxy */ = {
			isa = PBXContainerItemProxy;
			containerPortal = 58F8288B1924B3E20044C092 /* Project object */;
			proxyType = 1;
			remoteGlobalIDString = 58F828921924B3E20044C092;
			remoteInfo = Renoir;
		};
/* End PBXContainerItemProxy section */

/* Begin PBXFileReference section */
		5808B5C9192925FF00B94E07 /* RnViewControllerRoot.h */ = {isa = PBXFileReference; fileEncoding = 4; lastKnownFileType = sourcecode.c.h; path = RnViewControllerRoot.h; sourceTree = "<group>"; };
		5808B5CA192925FF00B94E07 /* RnViewControllerRoot.m */ = {isa = PBXFileReference; fileEncoding = 4; lastKnownFileType = sourcecode.c.objc; path = RnViewControllerRoot.m; sourceTree = "<group>"; };
		5808B5CC1929261D00B94E07 /* RnViewControllerConfirmation.h */ = {isa = PBXFileReference; fileEncoding = 4; lastKnownFileType = sourcecode.c.h; path = RnViewControllerConfirmation.h; sourceTree = "<group>"; };
		5808B5CD1929261D00B94E07 /* RnViewControllerConfirmation.m */ = {isa = PBXFileReference; fileEncoding = 4; lastKnownFileType = sourcecode.c.objc; path = RnViewControllerConfirmation.m; sourceTree = "<group>"; };
		5808B5CF192926B900B94E07 /* RnViewControllerFrame.h */ = {isa = PBXFileReference; fileEncoding = 4; lastKnownFileType = sourcecode.c.h; path = RnViewControllerFrame.h; sourceTree = "<group>"; };
		5808B5D0192926B900B94E07 /* RnViewControllerFrame.m */ = {isa = PBXFileReference; fileEncoding = 4; lastKnownFileType = sourcecode.c.objc; path = RnViewControllerFrame.m; sourceTree = "<group>"; };
		5808B5D2192926CE00B94E07 /* RnViewControllerSaturation.h */ = {isa = PBXFileReference; fileEncoding = 4; lastKnownFileType = sourcecode.c.h; path = RnViewControllerSaturation.h; sourceTree = "<group>"; };
		5808B5D3192926CE00B94E07 /* RnViewControllerSaturation.m */ = {isa = PBXFileReference; fileEncoding = 4; lastKnownFileType = sourcecode.c.objc; path = RnViewControllerSaturation.m; sourceTree = "<group>"; };
		5808B5D51929270E00B94E07 /* RnViewControllerColor.h */ = {isa = PBXFileReference; fileEncoding = 4; lastKnownFileType = sourcecode.c.h; path = RnViewControllerColor.h; sourceTree = "<group>"; };
		5808B5D61929270E00B94E07 /* RnViewControllerColor.m */ = {isa = PBXFileReference; fileEncoding = 4; lastKnownFileType = sourcecode.c.objc; path = RnViewControllerColor.m; sourceTree = "<group>"; };
		5808B5D81929279700B94E07 /* RnViewControllerExport.h */ = {isa = PBXFileReference; fileEncoding = 4; lastKnownFileType = sourcecode.c.h; path = RnViewControllerExport.h; sourceTree = "<group>"; };
		5808B5D91929279700B94E07 /* RnViewControllerExport.m */ = {isa = PBXFileReference; fileEncoding = 4; lastKnownFileType = sourcecode.c.objc; path = RnViewControllerExport.m; sourceTree = "<group>"; };
		5809F2421929F93F00F1296E /* RnViewControllerHome.h */ = {isa = PBXFileReference; fileEncoding = 4; lastKnownFileType = sourcecode.c.h; path = RnViewControllerHome.h; sourceTree = "<group>"; };
		5809F2431929F93F00F1296E /* RnViewControllerHome.m */ = {isa = PBXFileReference; fileEncoding = 4; lastKnownFileType = sourcecode.c.objc; path = RnViewControllerHome.m; sourceTree = "<group>"; };
		5809F24A1929FAB100F1296E /* RnViewHomeLauncher.h */ = {isa = PBXFileReference; fileEncoding = 4; lastKnownFileType = sourcecode.c.h; path = RnViewHomeLauncher.h; sourceTree = "<group>"; };
		5809F24B1929FAB100F1296E /* RnViewHomeLauncher.m */ = {isa = PBXFileReference; fileEncoding = 4; lastKnownFileType = sourcecode.c.objc; path = RnViewHomeLauncher.m; sourceTree = "<group>"; };
		5819F8EC192799EC002282A0 /* UIDevice+extend.h */ = {isa = PBXFileReference; fileEncoding = 4; lastKnownFileType = sourcecode.c.h; path = "UIDevice+extend.h"; sourceTree = "<group>"; };
		5819F8ED192799EC002282A0 /* UIDevice+extend.m */ = {isa = PBXFileReference; fileEncoding = 4; lastKnownFileType = sourcecode.c.objc; path = "UIDevice+extend.m"; sourceTree = "<group>"; };
		5819F8EE192799EC002282A0 /* UIScreen+extend.h */ = {isa = PBXFileReference; fileEncoding = 4; lastKnownFileType = sourcecode.c.h; path = "UIScreen+extend.h"; sourceTree = "<group>"; };
		5819F8EF192799EC002282A0 /* UIScreen+extend.m */ = {isa = PBXFileReference; fileEncoding = 4; lastKnownFileType = sourcecode.c.objc; path = "UIScreen+extend.m"; sourceTree = "<group>"; };
		5819F8F0192799EC002282A0 /* UIView+extend.h */ = {isa = PBXFileReference; fileEncoding = 4; lastKnownFileType = sourcecode.c.h; path = "UIView+extend.h"; sourceTree = "<group>"; };
		5819F8F1192799EC002282A0 /* UIView+extend.m */ = {isa = PBXFileReference; fileEncoding = 4; lastKnownFileType = sourcecode.c.objc; path = "UIView+extend.m"; sourceTree = "<group>"; };
		5819F8F2192799EC002282A0 /* UIScrollView+extend.h */ = {isa = PBXFileReference; fileEncoding = 4; lastKnownFileType = sourcecode.c.h; path = "UIScrollView+extend.h"; sourceTree = "<group>"; };
		5819F8F3192799EC002282A0 /* UIScrollView+extend.m */ = {isa = PBXFileReference; fileEncoding = 4; lastKnownFileType = sourcecode.c.objc; path = "UIScrollView+extend.m"; sourceTree = "<group>"; };
		5819F8F4192799EC002282A0 /* UIImage+extend.h */ = {isa = PBXFileReference; fileEncoding = 4; lastKnownFileType = sourcecode.c.h; path = "UIImage+extend.h"; sourceTree = "<group>"; };
		5819F8F5192799EC002282A0 /* UIImage+extend.m */ = {isa = PBXFileReference; fileEncoding = 4; lastKnownFileType = sourcecode.c.objc; path = "UIImage+extend.m"; sourceTree = "<group>"; };
		5819F8F6192799EC002282A0 /* UIViewController+extend.h */ = {isa = PBXFileReference; fileEncoding = 4; lastKnownFileType = sourcecode.c.h; path = "UIViewController+extend.h"; sourceTree = "<group>"; };
		5819F8F7192799EC002282A0 /* UIViewController+extend.m */ = {isa = PBXFileReference; fileEncoding = 4; lastKnownFileType = sourcecode.c.objc; path = "UIViewController+extend.m"; sourceTree = "<group>"; };
		5819F8F8192799EC002282A0 /* UIImagePickerController+extend.h */ = {isa = PBXFileReference; fileEncoding = 4; lastKnownFileType = sourcecode.c.h; path = "UIImagePickerController+extend.h"; sourceTree = "<group>"; };
		5819F8F9192799EC002282A0 /* UIImagePickerController+extend.m */ = {isa = PBXFileReference; fileEncoding = 4; lastKnownFileType = sourcecode.c.objc; path = "UIImagePickerController+extend.m"; sourceTree = "<group>"; };
		5819F9021927A807002282A0 /* RnCurrentImage.h */ = {isa = PBXFileReference; fileEncoding = 4; lastKnownFileType = sourcecode.c.h; path = RnCurrentImage.h; sourceTree = "<group>"; };
		5819F9031927A807002282A0 /* RnCurrentImage.m */ = {isa = PBXFileReference; fileEncoding = 4; lastKnownFileType = sourcecode.c.objc; path = RnCurrentImage.m; sourceTree = "<group>"; };
		5898FDDC192A5F8A00901333 /* RnViewNavigationBar.h */ = {isa = PBXFileReference; fileEncoding = 4; lastKnownFileType = sourcecode.c.h; path = RnViewNavigationBar.h; sourceTree = "<group>"; };
		5898FDDD192A5F8A00901333 /* RnViewNavigationBar.m */ = {isa = PBXFileReference; fileEncoding = 4; lastKnownFileType = sourcecode.c.objc; path = RnViewNavigationBar.m; sourceTree = "<group>"; };
		5898FDE1192A67D200901333 /* Aller_Bd.ttf */ = {isa = PBXFileReference; lastKnownFileType = file; path = Aller_Bd.ttf; sourceTree = "<group>"; };
		5898FDE2192A67D200901333 /* ClearSans-Bold.ttf */ = {isa = PBXFileReference; lastKnownFileType = file; path = "ClearSans-Bold.ttf"; sourceTree = "<group>"; };
		5898FDE3192A67D200901333 /* mplus-1c-bold.ttf */ = {isa = PBXFileReference; lastKnownFileType = file; path = "mplus-1c-bold.ttf"; sourceTree = "<group>"; };
		5898FDE7192A683700901333 /* RnViewLabel.h */ = {isa = PBXFileReference; fileEncoding = 4; lastKnownFileType = sourcecode.c.h; path = RnViewLabel.h; sourceTree = "<group>"; };
		5898FDE8192A683700901333 /* RnViewLabel.m */ = {isa = PBXFileReference; fileEncoding = 4; lastKnownFileType = sourcecode.c.objc; path = RnViewLabel.m; sourceTree = "<group>"; };
		5898FDEA192A6E5B00901333 /* ja */ = {isa = PBXFileReference; lastKnownFileType = text.plist.strings; name = ja; path = ja.lproj/Main_iPhone.strings; sourceTree = "<group>"; };
		5898FDEB192A6E5B00901333 /* ja */ = {isa = PBXFileReference; lastKnownFileType = text.plist.strings; name = ja; path = ja.lproj/Main_iPad.strings; sourceTree = "<group>"; };
		5898FDEC192A6E5B00901333 /* ja */ = {isa = PBXFileReference; lastKnownFileType = text.plist.strings; name = ja; path = ja.lproj/InfoPlist.strings; sourceTree = "<group>"; };
		5898FDED192A6E5B00901333 /* ja */ = {isa = PBXFileReference; lastKnownFileType = text.plist.strings; name = ja; path = ja.lproj/InfoPlist.strings; sourceTree = "<group>"; };
		5898FDF2192A6E9700901333 /* en */ = {isa = PBXFileReference; lastKnownFileType = text.plist.strings; name = en; path = en.lproj/Localizable.strings; sourceTree = "<group>"; };
		5898FDF4192A6E9E00901333 /* ja */ = {isa = PBXFileReference; lastKnownFileType = text.plist.strings; name = ja; path = ja.lproj/Localizable.strings; sourceTree = "<group>"; };
		5898FDF6192A711400901333 /* RnViewNavigationBarButton.h */ = {isa = PBXFileReference; fileEncoding = 4; lastKnownFileType = sourcecode.c.h; path = RnViewNavigationBarButton.h; sourceTree = "<group>"; };
		5898FDF7192A711400901333 /* RnViewNavigationBarButton.m */ = {isa = PBXFileReference; fileEncoding = 4; lastKnownFileType = sourcecode.c.objc; path = RnViewNavigationBarButton.m; sourceTree = "<group>"; };
		58F0526319273B2A006BE37F /* GPUImage.xcodeproj */ = {isa = PBXFileReference; lastKnownFileType = "wrapper.pb-project"; name = GPUImage.xcodeproj; path = GPUImage/framework/GPUImage.xcodeproj; sourceTree = "<group>"; };
		58F0526E19273C42006BE37F /* CoreMedia.framework */ = {isa = PBXFileReference; lastKnownFileType = wrapper.framework; name = CoreMedia.framework; path = System/Library/Frameworks/CoreMedia.framework; sourceTree = SDKROOT; };
		58F0527019273C4A006BE37F /* CoreVideo.framework */ = {isa = PBXFileReference; lastKnownFileType = wrapper.framework; name = CoreVideo.framework; path = System/Library/Frameworks/CoreVideo.framework; sourceTree = SDKROOT; };
		58F0527219273C54006BE37F /* OpenGLES.framework */ = {isa = PBXFileReference; lastKnownFileType = wrapper.framework; name = OpenGLES.framework; path = System/Library/Frameworks/OpenGLES.framework; sourceTree = SDKROOT; };
		58F0527419273C5C006BE37F /* AVFoundation.framework */ = {isa = PBXFileReference; lastKnownFileType = wrapper.framework; name = AVFoundation.framework; path = System/Library/Frameworks/AVFoundation.framework; sourceTree = SDKROOT; };
		58F0527619273C64006BE37F /* QuartzCore.framework */ = {isa = PBXFileReference; lastKnownFileType = wrapper.framework; name = QuartzCore.framework; path = System/Library/Frameworks/QuartzCore.framework; sourceTree = SDKROOT; };
		58F0527819273C6C006BE37F /* AssetsLibrary.framework */ = {isa = PBXFileReference; lastKnownFileType = wrapper.framework; name = AssetsLibrary.framework; path = System/Library/Frameworks/AssetsLibrary.framework; sourceTree = SDKROOT; };
		58F0527C19273E92006BE37F /* RnFilterDryBrush.h */ = {isa = PBXFileReference; fileEncoding = 4; lastKnownFileType = sourcecode.c.h; path = RnFilterDryBrush.h; sourceTree = "<group>"; };
		58F0527D19273E92006BE37F /* RnFilterDryBrush.m */ = {isa = PBXFileReference; fileEncoding = 4; lastKnownFileType = sourcecode.c.objc; path = RnFilterDryBrush.m; sourceTree = "<group>"; };
		58F444F9192A323800D2C512 /* RnViewHomeGallery.h */ = {isa = PBXFileReference; fileEncoding = 4; lastKnownFileType = sourcecode.c.h; path = RnViewHomeGallery.h; sourceTree = "<group>"; };
		58F444FA192A323800D2C512 /* RnViewHomeGallery.m */ = {isa = PBXFileReference; fileEncoding = 4; lastKnownFileType = sourcecode.c.objc; path = RnViewHomeGallery.m; sourceTree = "<group>"; };
		58F444FF192A362800D2C512 /* RnCurrentSettings.h */ = {isa = PBXFileReference; fileEncoding = 4; lastKnownFileType = sourcecode.c.h; path = RnCurrentSettings.h; sourceTree = "<group>"; };
		58F44500192A362800D2C512 /* RnCurrentSettings.m */ = {isa = PBXFileReference; fileEncoding = 4; lastKnownFileType = sourcecode.c.objc; path = RnCurrentSettings.m; sourceTree = "<group>"; };
		58F44502192A3BB900D2C512 /* RnViewHomeGalleryItemButton.h */ = {isa = PBXFileReference; fileEncoding = 4; lastKnownFileType = sourcecode.c.h; path = RnViewHomeGalleryItemButton.h; sourceTree = "<group>"; };
		58F44503192A3BB900D2C512 /* RnViewHomeGalleryItemButton.m */ = {isa = PBXFileReference; fileEncoding = 4; lastKnownFileType = sourcecode.c.objc; path = RnViewHomeGalleryItemButton.m; sourceTree = "<group>"; };
		58F828931924B3E20044C092 /* Renoir.app */ = {isa = PBXFileReference; explicitFileType = wrapper.application; includeInIndex = 0; path = Renoir.app; sourceTree = BUILT_PRODUCTS_DIR; };
		58F828961924B3E20044C092 /* Foundation.framework */ = {isa = PBXFileReference; lastKnownFileType = wrapper.framework; name = Foundation.framework; path = System/Library/Frameworks/Foundation.framework; sourceTree = SDKROOT; };
		58F828981924B3E20044C092 /* CoreGraphics.framework */ = {isa = PBXFileReference; lastKnownFileType = wrapper.framework; name = CoreGraphics.framework; path = System/Library/Frameworks/CoreGraphics.framework; sourceTree = SDKROOT; };
		58F8289A1924B3E20044C092 /* UIKit.framework */ = {isa = PBXFileReference; lastKnownFileType = wrapper.framework; name = UIKit.framework; path = System/Library/Frameworks/UIKit.framework; sourceTree = SDKROOT; };
		58F8289E1924B3E20044C092 /* Renoir-Info.plist */ = {isa = PBXFileReference; lastKnownFileType = text.plist.xml; path = "Renoir-Info.plist"; sourceTree = "<group>"; };
		58F828A01924B3E20044C092 /* en */ = {isa = PBXFileReference; lastKnownFileType = text.plist.strings; name = en; path = en.lproj/InfoPlist.strings; sourceTree = "<group>"; };
		58F828A21924B3E20044C092 /* main.m */ = {isa = PBXFileReference; lastKnownFileType = sourcecode.c.objc; path = main.m; sourceTree = "<group>"; };
		58F828A41924B3E20044C092 /* Renoir-Prefix.pch */ = {isa = PBXFileReference; lastKnownFileType = sourcecode.c.h; path = "Renoir-Prefix.pch"; sourceTree = "<group>"; };
		58F828A51924B3E20044C092 /* AppDelegate.h */ = {isa = PBXFileReference; lastKnownFileType = sourcecode.c.h; path = AppDelegate.h; sourceTree = "<group>"; };
		58F828A61924B3E20044C092 /* AppDelegate.m */ = {isa = PBXFileReference; lastKnownFileType = sourcecode.c.objc; path = AppDelegate.m; sourceTree = "<group>"; };
		58F828A91924B3E20044C092 /* Base */ = {isa = PBXFileReference; lastKnownFileType = file.storyboard; name = Base; path = Base.lproj/Main_iPhone.storyboard; sourceTree = "<group>"; };
		58F828AC1924B3E20044C092 /* Base */ = {isa = PBXFileReference; lastKnownFileType = file.storyboard; name = Base; path = Base.lproj/Main_iPad.storyboard; sourceTree = "<group>"; };
		58F828AE1924B3E20044C092 /* ViewController.h */ = {isa = PBXFileReference; lastKnownFileType = sourcecode.c.h; path = ViewController.h; sourceTree = "<group>"; };
		58F828AF1924B3E20044C092 /* ViewController.m */ = {isa = PBXFileReference; lastKnownFileType = sourcecode.c.objc; path = ViewController.m; sourceTree = "<group>"; };
		58F828B11924B3E20044C092 /* Images.xcassets */ = {isa = PBXFileReference; lastKnownFileType = folder.assetcatalog; path = Images.xcassets; sourceTree = "<group>"; };
		58F828B71924B3E20044C092 /* RenoirTests.xctest */ = {isa = PBXFileReference; explicitFileType = wrapper.cfbundle; includeInIndex = 0; path = RenoirTests.xctest; sourceTree = BUILT_PRODUCTS_DIR; };
		58F828B81924B3E20044C092 /* XCTest.framework */ = {isa = PBXFileReference; lastKnownFileType = wrapper.framework; name = XCTest.framework; path = Library/Frameworks/XCTest.framework; sourceTree = DEVELOPER_DIR; };
		58F828C01924B3E20044C092 /* RenoirTests-Info.plist */ = {isa = PBXFileReference; lastKnownFileType = text.plist.xml; path = "RenoirTests-Info.plist"; sourceTree = "<group>"; };
		58F828C21924B3E20044C092 /* en */ = {isa = PBXFileReference; lastKnownFileType = text.plist.strings; name = en; path = en.lproj/InfoPlist.strings; sourceTree = "<group>"; };
		58F828C41924B3E20044C092 /* RenoirTests.m */ = {isa = PBXFileReference; lastKnownFileType = sourcecode.c.objc; path = RenoirTests.m; sourceTree = "<group>"; };
		58F828CE1924B41A0044C092 /* UnkoViewController.h */ = {isa = PBXFileReference; fileEncoding = 4; lastKnownFileType = sourcecode.c.h; path = UnkoViewController.h; sourceTree = "<group>"; };
		58F828CF1924B41A0044C092 /* UnkoViewController.m */ = {isa = PBXFileReference; fileEncoding = 4; lastKnownFileType = sourcecode.c.objc; path = UnkoViewController.m; sourceTree = "<group>"; };
/* End PBXFileReference section */

/* Begin PBXFrameworksBuildPhase section */
		58F828901924B3E20044C092 /* Frameworks */ = {
			isa = PBXFrameworksBuildPhase;
			buildActionMask = 2147483647;
			files = (
				58F0527A19273C73006BE37F /* libGPUImage.a in Frameworks */,
				58F0527919273C6C006BE37F /* AssetsLibrary.framework in Frameworks */,
				58F0527719273C64006BE37F /* QuartzCore.framework in Frameworks */,
				58F0527519273C5C006BE37F /* AVFoundation.framework in Frameworks */,
				58F0527319273C54006BE37F /* OpenGLES.framework in Frameworks */,
				58F0527119273C4A006BE37F /* CoreVideo.framework in Frameworks */,
				58F0526F19273C42006BE37F /* CoreMedia.framework in Frameworks */,
				58F828991924B3E20044C092 /* CoreGraphics.framework in Frameworks */,
				58F8289B1924B3E20044C092 /* UIKit.framework in Frameworks */,
				58F828971924B3E20044C092 /* Foundation.framework in Frameworks */,
			);
			runOnlyForDeploymentPostprocessing = 0;
		};
		58F828B41924B3E20044C092 /* Frameworks */ = {
			isa = PBXFrameworksBuildPhase;
			buildActionMask = 2147483647;
			files = (
				58F828B91924B3E20044C092 /* XCTest.framework in Frameworks */,
				58F828BB1924B3E20044C092 /* UIKit.framework in Frameworks */,
				58F828BA1924B3E20044C092 /* Foundation.framework in Frameworks */,
			);
			runOnlyForDeploymentPostprocessing = 0;
		};
/* End PBXFrameworksBuildPhase section */

/* Begin PBXGroup section */
		5808B5C8192925D000B94E07 /* ViewControllers */ = {
			isa = PBXGroup;
			children = (
				5808B5C9192925FF00B94E07 /* RnViewControllerRoot.h */,
				5808B5CA192925FF00B94E07 /* RnViewControllerRoot.m */,
				5809F2421929F93F00F1296E /* RnViewControllerHome.h */,
				5809F2431929F93F00F1296E /* RnViewControllerHome.m */,
				5808B5CC1929261D00B94E07 /* RnViewControllerConfirmation.h */,
				5808B5CD1929261D00B94E07 /* RnViewControllerConfirmation.m */,
				5808B5CF192926B900B94E07 /* RnViewControllerFrame.h */,
				5808B5D0192926B900B94E07 /* RnViewControllerFrame.m */,
				5808B5D2192926CE00B94E07 /* RnViewControllerSaturation.h */,
				5808B5D3192926CE00B94E07 /* RnViewControllerSaturation.m */,
				5808B5D51929270E00B94E07 /* RnViewControllerColor.h */,
				5808B5D61929270E00B94E07 /* RnViewControllerColor.m */,
				5808B5D81929279700B94E07 /* RnViewControllerExport.h */,
				5808B5D91929279700B94E07 /* RnViewControllerExport.m */,
			);
			name = ViewControllers;
			sourceTree = "<group>";
		};
		5809F2481929FA8D00F1296E /* UIComponents */ = {
			isa = PBXGroup;
			children = (
				5898FDDC192A5F8A00901333 /* RnViewNavigationBar.h */,
				5898FDDD192A5F8A00901333 /* RnViewNavigationBar.m */,
				5898FDF5192A70FA00901333 /* NavigationBarButton */,
				5898FDE7192A683700901333 /* RnViewLabel.h */,
				5898FDE8192A683700901333 /* RnViewLabel.m */,
				5809F2491929FA9600F1296E /* Home */,
			);
			name = UIComponents;
			sourceTree = "<group>";
		};
		5809F2491929FA9600F1296E /* Home */ = {
			isa = PBXGroup;
			children = (
				5809F24A1929FAB100F1296E /* RnViewHomeLauncher.h */,
				5809F24B1929FAB100F1296E /* RnViewHomeLauncher.m */,
				58F444F9192A323800D2C512 /* RnViewHomeGallery.h */,
				58F444FA192A323800D2C512 /* RnViewHomeGallery.m */,
				58F44502192A3BB900D2C512 /* RnViewHomeGalleryItemButton.h */,
				58F44503192A3BB900D2C512 /* RnViewHomeGalleryItemButton.m */,
			);
			name = Home;
			sourceTree = "<group>";
		};
		5819F8E8192799D7002282A0 /* Categories */ = {
			isa = PBXGroup;
			children = (
				5819F8EC192799EC002282A0 /* UIDevice+extend.h */,
				5819F8ED192799EC002282A0 /* UIDevice+extend.m */,
				5819F8EE192799EC002282A0 /* UIScreen+extend.h */,
				5819F8EF192799EC002282A0 /* UIScreen+extend.m */,
				5819F8F0192799EC002282A0 /* UIView+extend.h */,
				5819F8F1192799EC002282A0 /* UIView+extend.m */,
				5819F8F2192799EC002282A0 /* UIScrollView+extend.h */,
				5819F8F3192799EC002282A0 /* UIScrollView+extend.m */,
				5819F8F4192799EC002282A0 /* UIImage+extend.h */,
				5819F8F5192799EC002282A0 /* UIImage+extend.m */,
				5819F8F6192799EC002282A0 /* UIViewController+extend.h */,
				5819F8F7192799EC002282A0 /* UIViewController+extend.m */,
				5819F8F8192799EC002282A0 /* UIImagePickerController+extend.h */,
				5819F8F9192799EC002282A0 /* UIImagePickerController+extend.m */,
			);
			name = Categories;
			sourceTree = "<group>";
		};
		5819F9011927A773002282A0 /* Shared */ = {
			isa = PBXGroup;
			children = (
				5819F9021927A807002282A0 /* RnCurrentImage.h */,
				5819F9031927A807002282A0 /* RnCurrentImage.m */,
				58F444FF192A362800D2C512 /* RnCurrentSettings.h */,
				58F44500192A362800D2C512 /* RnCurrentSettings.m */,
			);
			name = Shared;
			sourceTree = "<group>";
		};
		5898FDE0192A67C500901333 /* Fonts */ = {
			isa = PBXGroup;
			children = (
				5898FDE1192A67D200901333 /* Aller_Bd.ttf */,
				5898FDE2192A67D200901333 /* ClearSans-Bold.ttf */,
				5898FDE3192A67D200901333 /* mplus-1c-bold.ttf */,
			);
			name = Fonts;
			sourceTree = "<group>";
		};
		5898FDF5192A70FA00901333 /* NavigationBarButton */ = {
			isa = PBXGroup;
			children = (
				5898FDF6192A711400901333 /* RnViewNavigationBarButton.h */,
				5898FDF7192A711400901333 /* RnViewNavigationBarButton.m */,
			);
			name = NavigationBarButton;
			sourceTree = "<group>";
		};
		58F0526419273B2A006BE37F /* Products */ = {
			isa = PBXGroup;
			children = (
				58F0526A19273B2B006BE37F /* libGPUImage.a */,
				58F0526C19273B2B006BE37F /* GPUImageTests.octest */,
			);
			name = Products;
			sourceTree = "<group>";
		};
		58F0527B19273DFB006BE37F /* RnFilter */ = {
			isa = PBXGroup;
			children = (
				58F0527C19273E92006BE37F /* RnFilterDryBrush.h */,
				58F0527D19273E92006BE37F /* RnFilterDryBrush.m */,
			);
			name = RnFilter;
			sourceTree = "<group>";
		};
		58F8288A1924B3E20044C092 = {
			isa = PBXGroup;
			children = (
				58F8289C1924B3E20044C092 /* Renoir */,
				58F828BE1924B3E20044C092 /* RenoirTests */,
				58F828951924B3E20044C092 /* Frameworks */,
				58F828941924B3E20044C092 /* Products */,
			);
			sourceTree = "<group>";
		};
		58F828941924B3E20044C092 /* Products */ = {
			isa = PBXGroup;
			children = (
				58F828931924B3E20044C092 /* Renoir.app */,
				58F828B71924B3E20044C092 /* RenoirTests.xctest */,
			);
			name = Products;
			sourceTree = "<group>";
		};
		58F828951924B3E20044C092 /* Frameworks */ = {
			isa = PBXGroup;
			children = (
				58F0527819273C6C006BE37F /* AssetsLibrary.framework */,
				58F0527619273C64006BE37F /* QuartzCore.framework */,
				58F0527419273C5C006BE37F /* AVFoundation.framework */,
				58F0527219273C54006BE37F /* OpenGLES.framework */,
				58F0527019273C4A006BE37F /* CoreVideo.framework */,
				58F0526E19273C42006BE37F /* CoreMedia.framework */,
				58F0526319273B2A006BE37F /* GPUImage.xcodeproj */,
				58F828961924B3E20044C092 /* Foundation.framework */,
				58F828981924B3E20044C092 /* CoreGraphics.framework */,
				58F8289A1924B3E20044C092 /* UIKit.framework */,
				58F828B81924B3E20044C092 /* XCTest.framework */,
			);
			name = Frameworks;
			sourceTree = "<group>";
		};
		58F8289C1924B3E20044C092 /* Renoir */ = {
			isa = PBXGroup;
			children = (
				5819F8E8192799D7002282A0 /* Categories */,
				58F0527B19273DFB006BE37F /* RnFilter */,
				5819F9011927A773002282A0 /* Shared */,
				58F828A51924B3E20044C092 /* AppDelegate.h */,
				58F828A61924B3E20044C092 /* AppDelegate.m */,
				58F828A81924B3E20044C092 /* Main_iPhone.storyboard */,
				58F828AB1924B3E20044C092 /* Main_iPad.storyboard */,
				58F828AE1924B3E20044C092 /* ViewController.h */,
				58F828AF1924B3E20044C092 /* ViewController.m */,
				58F828CE1924B41A0044C092 /* UnkoViewController.h */,
				58F828CF1924B41A0044C092 /* UnkoViewController.m */,
				5809F2481929FA8D00F1296E /* UIComponents */,
				5808B5C8192925D000B94E07 /* ViewControllers */,
				58F828B11924B3E20044C092 /* Images.xcassets */,
				5898FDE0192A67C500901333 /* Fonts */,
				58F8289D1924B3E20044C092 /* Supporting Files */,
			);
			path = Renoir;
			sourceTree = "<group>";
		};
		58F8289D1924B3E20044C092 /* Supporting Files */ = {
			isa = PBXGroup;
			children = (
				58F8289E1924B3E20044C092 /* Renoir-Info.plist */,
				58F8289F1924B3E20044C092 /* InfoPlist.strings */,
				58F828A21924B3E20044C092 /* main.m */,
				58F828A41924B3E20044C092 /* Renoir-Prefix.pch */,
				5898FDF3192A6E9700901333 /* Localizable.strings */,
			);
			name = "Supporting Files";
			sourceTree = "<group>";
		};
		58F828BE1924B3E20044C092 /* RenoirTests */ = {
			isa = PBXGroup;
			children = (
				58F828C41924B3E20044C092 /* RenoirTests.m */,
				58F828BF1924B3E20044C092 /* Supporting Files */,
			);
			path = RenoirTests;
			sourceTree = "<group>";
		};
		58F828BF1924B3E20044C092 /* Supporting Files */ = {
			isa = PBXGroup;
			children = (
				58F828C01924B3E20044C092 /* RenoirTests-Info.plist */,
				58F828C11924B3E20044C092 /* InfoPlist.strings */,
			);
			name = "Supporting Files";
			sourceTree = "<group>";
		};
/* End PBXGroup section */

/* Begin PBXNativeTarget section */
		58F828921924B3E20044C092 /* Renoir */ = {
			isa = PBXNativeTarget;
			buildConfigurationList = 58F828C81924B3E20044C092 /* Build configuration list for PBXNativeTarget "Renoir" */;
			buildPhases = (
				58F8288F1924B3E20044C092 /* Sources */,
				58F828901924B3E20044C092 /* Frameworks */,
				58F828911924B3E20044C092 /* Resources */,
			);
			buildRules = (
			);
			dependencies = (
			);
			name = Renoir;
			productName = Renoir;
			productReference = 58F828931924B3E20044C092 /* Renoir.app */;
			productType = "com.apple.product-type.application";
		};
		58F828B61924B3E20044C092 /* RenoirTests */ = {
			isa = PBXNativeTarget;
			buildConfigurationList = 58F828CB1924B3E20044C092 /* Build configuration list for PBXNativeTarget "RenoirTests" */;
			buildPhases = (
				58F828B31924B3E20044C092 /* Sources */,
				58F828B41924B3E20044C092 /* Frameworks */,
				58F828B51924B3E20044C092 /* Resources */,
			);
			buildRules = (
			);
			dependencies = (
				58F828BD1924B3E20044C092 /* PBXTargetDependency */,
			);
			name = RenoirTests;
			productName = RenoirTests;
			productReference = 58F828B71924B3E20044C092 /* RenoirTests.xctest */;
			productType = "com.apple.product-type.bundle.unit-test";
		};
/* End PBXNativeTarget section */

/* Begin PBXProject section */
		58F8288B1924B3E20044C092 /* Project object */ = {
			isa = PBXProject;
			attributes = {
				LastUpgradeCheck = 0510;
				ORGANIZATIONNAME = SSC;
				TargetAttributes = {
					58F828921924B3E20044C092 = {
						DevelopmentTeam = 7FY9ETDU35;
					};
					58F828B61924B3E20044C092 = {
						TestTargetID = 58F828921924B3E20044C092;
					};
				};
			};
			buildConfigurationList = 58F8288E1924B3E20044C092 /* Build configuration list for PBXProject "Renoir" */;
			compatibilityVersion = "Xcode 3.2";
			developmentRegion = English;
			hasScannedForEncodings = 0;
			knownRegions = (
				en,
				Base,
				ja,
			);
			mainGroup = 58F8288A1924B3E20044C092;
			productRefGroup = 58F828941924B3E20044C092 /* Products */;
			projectDirPath = "";
			projectReferences = (
				{
					ProductGroup = 58F0526419273B2A006BE37F /* Products */;
					ProjectRef = 58F0526319273B2A006BE37F /* GPUImage.xcodeproj */;
				},
			);
			projectRoot = "";
			targets = (
				58F828921924B3E20044C092 /* Renoir */,
				58F828B61924B3E20044C092 /* RenoirTests */,
			);
		};
/* End PBXProject section */

/* Begin PBXReferenceProxy section */
		58F0526A19273B2B006BE37F /* libGPUImage.a */ = {
			isa = PBXReferenceProxy;
			fileType = archive.ar;
			path = libGPUImage.a;
			remoteRef = 58F0526919273B2B006BE37F /* PBXContainerItemProxy */;
			sourceTree = BUILT_PRODUCTS_DIR;
		};
		58F0526C19273B2B006BE37F /* GPUImageTests.octest */ = {
			isa = PBXReferenceProxy;
			fileType = wrapper.cfbundle;
			path = GPUImageTests.octest;
			remoteRef = 58F0526B19273B2B006BE37F /* PBXContainerItemProxy */;
			sourceTree = BUILT_PRODUCTS_DIR;
		};
/* End PBXReferenceProxy section */

/* Begin PBXResourcesBuildPhase section */
		58F828911924B3E20044C092 /* Resources */ = {
			isa = PBXResourcesBuildPhase;
			buildActionMask = 2147483647;
			files = (
				5898FDE5192A67D200901333 /* ClearSans-Bold.ttf in Resources */,
				58F828AD1924B3E20044C092 /* Main_iPad.storyboard in Resources */,
				5898FDE6192A67D200901333 /* mplus-1c-bold.ttf in Resources */,
				58F828B21924B3E20044C092 /* Images.xcassets in Resources */,
				5898FDE4192A67D200901333 /* Aller_Bd.ttf in Resources */,
				5898FDF1192A6E9700901333 /* Localizable.strings in Resources */,
				58F828AA1924B3E20044C092 /* Main_iPhone.storyboard in Resources */,
				58F828A11924B3E20044C092 /* InfoPlist.strings in Resources */,
			);
			runOnlyForDeploymentPostprocessing = 0;
		};
		58F828B51924B3E20044C092 /* Resources */ = {
			isa = PBXResourcesBuildPhase;
			buildActionMask = 2147483647;
			files = (
				58F828C31924B3E20044C092 /* InfoPlist.strings in Resources */,
			);
			runOnlyForDeploymentPostprocessing = 0;
		};
/* End PBXResourcesBuildPhase section */

/* Begin PBXSourcesBuildPhase section */
		58F8288F1924B3E20044C092 /* Sources */ = {
			isa = PBXSourcesBuildPhase;
			buildActionMask = 2147483647;
			files = (
				5808B5D4192926CE00B94E07 /* RnViewControllerSaturation.m in Sources */,
				5898FDF8192A711400901333 /* RnViewNavigationBarButton.m in Sources */,
				5898FDE9192A683700901333 /* RnViewLabel.m in Sources */,
				58F0527E19273E92006BE37F /* RnFilterDryBrush.m in Sources */,
				58F444FB192A323800D2C512 /* RnViewHomeGallery.m in Sources */,
				58F44501192A362800D2C512 /* RnCurrentSettings.m in Sources */,
				5819F8FE192799EC002282A0 /* UIImage+extend.m in Sources */,
				5809F24C1929FAB100F1296E /* RnViewHomeLauncher.m in Sources */,
				5819F9041927A807002282A0 /* RnCurrentImage.m in Sources */,
				5819F8FB192799EC002282A0 /* UIScreen+extend.m in Sources */,
				5819F8FA192799EC002282A0 /* UIDevice+extend.m in Sources */,
				5808B5CE1929261D00B94E07 /* RnViewControllerConfirmation.m in Sources */,
				5819F8FD192799EC002282A0 /* UIScrollView+extend.m in Sources */,
				5808B5D71929270E00B94E07 /* RnViewControllerColor.m in Sources */,
				5819F8FF192799EC002282A0 /* UIViewController+extend.m in Sources */,
				58F828B01924B3E20044C092 /* ViewController.m in Sources */,
				58F828A71924B3E20044C092 /* AppDelegate.m in Sources */,
				58F44504192A3BB900D2C512 /* RnViewHomeGalleryItemButton.m in Sources */,
				58F828A31924B3E20044C092 /* main.m in Sources */,
				5819F8FC192799EC002282A0 /* UIView+extend.m in Sources */,
				5808B5D1192926B900B94E07 /* RnViewControllerFrame.m in Sources */,
				5819F900192799EC002282A0 /* UIImagePickerController+extend.m in Sources */,
				5808B5CB192925FF00B94E07 /* RnViewControllerRoot.m in Sources */,
				5809F2441929F93F00F1296E /* RnViewControllerHome.m in Sources */,
				58F828D01924B41B0044C092 /* UnkoViewController.m in Sources */,
				5898FDDE192A5F8A00901333 /* RnViewNavigationBar.m in Sources */,
				5808B5DA1929279700B94E07 /* RnViewControllerExport.m in Sources */,
			);
			runOnlyForDeploymentPostprocessing = 0;
		};
		58F828B31924B3E20044C092 /* Sources */ = {
			isa = PBXSourcesBuildPhase;
			buildActionMask = 2147483647;
			files = (
				58F828C51924B3E20044C092 /* RenoirTests.m in Sources */,
			);
			runOnlyForDeploymentPostprocessing = 0;
		};
/* End PBXSourcesBuildPhase section */

/* Begin PBXTargetDependency section */
		58F828BD1924B3E20044C092 /* PBXTargetDependency */ = {
			isa = PBXTargetDependency;
			target = 58F828921924B3E20044C092 /* Renoir */;
			targetProxy = 58F828BC1924B3E20044C092 /* PBXContainerItemProxy */;
		};
/* End PBXTargetDependency section */

/* Begin PBXVariantGroup section */
		5898FDF3192A6E9700901333 /* Localizable.strings */ = {
			isa = PBXVariantGroup;
			children = (
				5898FDF2192A6E9700901333 /* en */,
				5898FDF4192A6E9E00901333 /* ja */,
			);
			name = Localizable.strings;
			sourceTree = "<group>";
		};
		58F8289F1924B3E20044C092 /* InfoPlist.strings */ = {
			isa = PBXVariantGroup;
			children = (
				58F828A01924B3E20044C092 /* en */,
				5898FDEC192A6E5B00901333 /* ja */,
			);
			name = InfoPlist.strings;
			sourceTree = "<group>";
		};
		58F828A81924B3E20044C092 /* Main_iPhone.storyboard */ = {
			isa = PBXVariantGroup;
			children = (
				58F828A91924B3E20044C092 /* Base */,
				5898FDEA192A6E5B00901333 /* ja */,
			);
			name = Main_iPhone.storyboard;
			sourceTree = "<group>";
		};
		58F828AB1924B3E20044C092 /* Main_iPad.storyboard */ = {
			isa = PBXVariantGroup;
			children = (
				58F828AC1924B3E20044C092 /* Base */,
				5898FDEB192A6E5B00901333 /* ja */,
			);
			name = Main_iPad.storyboard;
			sourceTree = "<group>";
		};
		58F828C11924B3E20044C092 /* InfoPlist.strings */ = {
			isa = PBXVariantGroup;
			children = (
				58F828C21924B3E20044C092 /* en */,
				5898FDED192A6E5B00901333 /* ja */,
			);
			name = InfoPlist.strings;
			sourceTree = "<group>";
		};
/* End PBXVariantGroup section */

/* Begin XCBuildConfiguration section */
		58F828C61924B3E20044C092 /* Debug */ = {
			isa = XCBuildConfiguration;
			buildSettings = {
				ALWAYS_SEARCH_USER_PATHS = NO;
				CLANG_CXX_LANGUAGE_STANDARD = "gnu++0x";
				CLANG_CXX_LIBRARY = "libc++";
				CLANG_ENABLE_MODULES = YES;
				CLANG_ENABLE_OBJC_ARC = YES;
				CLANG_WARN_BOOL_CONVERSION = YES;
				CLANG_WARN_CONSTANT_CONVERSION = YES;
				CLANG_WARN_DIRECT_OBJC_ISA_USAGE = YES_ERROR;
				CLANG_WARN_EMPTY_BODY = YES;
				CLANG_WARN_ENUM_CONVERSION = YES;
				CLANG_WARN_INT_CONVERSION = YES;
				CLANG_WARN_OBJC_ROOT_CLASS = YES_ERROR;
				CLANG_WARN__DUPLICATE_METHOD_MATCH = YES;
				"CODE_SIGN_IDENTITY[sdk=iphoneos*]" = "iPhone Developer";
				COPY_PHASE_STRIP = NO;
				GCC_C_LANGUAGE_STANDARD = gnu99;
				GCC_DYNAMIC_NO_PIC = NO;
				GCC_OPTIMIZATION_LEVEL = 0;
				GCC_PREPROCESSOR_DEFINITIONS = (
					"DEBUG=1",
					"$(inherited)",
				);
				GCC_SYMBOLS_PRIVATE_EXTERN = NO;
				GCC_WARN_64_TO_32_BIT_CONVERSION = YES;
				GCC_WARN_ABOUT_RETURN_TYPE = YES_ERROR;
				GCC_WARN_UNDECLARED_SELECTOR = YES;
				GCC_WARN_UNINITIALIZED_AUTOS = YES_AGGRESSIVE;
				GCC_WARN_UNUSED_FUNCTION = YES;
				GCC_WARN_UNUSED_VARIABLE = YES;
				IPHONEOS_DEPLOYMENT_TARGET = 7.1;
				ONLY_ACTIVE_ARCH = YES;
				SDKROOT = iphoneos;
				TARGETED_DEVICE_FAMILY = "1,2";
			};
			name = Debug;
		};
		58F828C71924B3E20044C092 /* Release */ = {
			isa = XCBuildConfiguration;
			buildSettings = {
				ALWAYS_SEARCH_USER_PATHS = NO;
				CLANG_CXX_LANGUAGE_STANDARD = "gnu++0x";
				CLANG_CXX_LIBRARY = "libc++";
				CLANG_ENABLE_MODULES = YES;
				CLANG_ENABLE_OBJC_ARC = YES;
				CLANG_WARN_BOOL_CONVERSION = YES;
				CLANG_WARN_CONSTANT_CONVERSION = YES;
				CLANG_WARN_DIRECT_OBJC_ISA_USAGE = YES_ERROR;
				CLANG_WARN_EMPTY_BODY = YES;
				CLANG_WARN_ENUM_CONVERSION = YES;
				CLANG_WARN_INT_CONVERSION = YES;
				CLANG_WARN_OBJC_ROOT_CLASS = YES_ERROR;
				CLANG_WARN__DUPLICATE_METHOD_MATCH = YES;
				"CODE_SIGN_IDENTITY[sdk=iphoneos*]" = "iPhone Developer";
				COPY_PHASE_STRIP = YES;
				ENABLE_NS_ASSERTIONS = NO;
				GCC_C_LANGUAGE_STANDARD = gnu99;
				GCC_WARN_64_TO_32_BIT_CONVERSION = YES;
				GCC_WARN_ABOUT_RETURN_TYPE = YES_ERROR;
				GCC_WARN_UNDECLARED_SELECTOR = YES;
				GCC_WARN_UNINITIALIZED_AUTOS = YES_AGGRESSIVE;
				GCC_WARN_UNUSED_FUNCTION = YES;
				GCC_WARN_UNUSED_VARIABLE = YES;
				IPHONEOS_DEPLOYMENT_TARGET = 7.1;
				SDKROOT = iphoneos;
				TARGETED_DEVICE_FAMILY = "1,2";
				VALIDATE_PRODUCT = YES;
			};
			name = Release;
		};
		58F828C91924B3E20044C092 /* Debug */ = {
			isa = XCBuildConfiguration;
			buildSettings = {
				ASSETCATALOG_COMPILER_APPICON_NAME = AppIcon;
				ASSETCATALOG_COMPILER_LAUNCHIMAGE_NAME = LaunchImage;
				CODE_SIGN_IDENTITY = "iPhone Developer: Toshiki Nakanishi (WRHUFP3254)";
				"CODE_SIGN_IDENTITY[sdk=iphoneos*]" = "iPhone Developer: Toshiki Nakanishi (WRHUFP3254)";
				GCC_PRECOMPILE_PREFIX_HEADER = YES;
				GCC_PREFIX_HEADER = "Renoir/Renoir-Prefix.pch";
				INFOPLIST_FILE = "Renoir/Renoir-Info.plist";
				IPHONEOS_DEPLOYMENT_TARGET = 6.1;
				OTHER_LDFLAGS = "-ObjC";
				PRODUCT_NAME = "$(TARGET_NAME)";
				PROVISIONING_PROFILE = "E9B9A372-2C94-4470-A67D-9EEA3F9CEC8D";
				USER_HEADER_SEARCH_PATHS = "GPUImage/framework/**";
				WRAPPER_EXTENSION = app;
			};
			name = Debug;
		};
		58F828CA1924B3E20044C092 /* Release */ = {
			isa = XCBuildConfiguration;
			buildSettings = {
				ASSETCATALOG_COMPILER_APPICON_NAME = AppIcon;
				ASSETCATALOG_COMPILER_LAUNCHIMAGE_NAME = LaunchImage;
				CODE_SIGN_IDENTITY = "iPhone Distribution: Toshiki Nakanishi (7FY9ETDU35)";
				"CODE_SIGN_IDENTITY[sdk=iphoneos*]" = "iPhone Distribution: Toshiki Nakanishi (7FY9ETDU35)";
				GCC_PRECOMPILE_PREFIX_HEADER = YES;
				GCC_PREFIX_HEADER = "Renoir/Renoir-Prefix.pch";
				INFOPLIST_FILE = "Renoir/Renoir-Info.plist";
				IPHONEOS_DEPLOYMENT_TARGET = 6.1;
				OTHER_LDFLAGS = "-ObjC";
				PRODUCT_NAME = "$(TARGET_NAME)";
				PROVISIONING_PROFILE = "BEC7D9CD-04AD-46ED-938F-28EBB47B2553";
				USER_HEADER_SEARCH_PATHS = "GPUImage/framework/**";
				WRAPPER_EXTENSION = app;
			};
			name = Release;
		};
		58F828CC1924B3E20044C092 /* Debug */ = {
			isa = XCBuildConfiguration;
			buildSettings = {
				BUNDLE_LOADER = "$(BUILT_PRODUCTS_DIR)/Renoir.app/Renoir";
				FRAMEWORK_SEARCH_PATHS = (
					"$(SDKROOT)/Developer/Library/Frameworks",
					"$(inherited)",
					"$(DEVELOPER_FRAMEWORKS_DIR)",
				);
				GCC_PRECOMPILE_PREFIX_HEADER = YES;
				GCC_PREFIX_HEADER = "Renoir/Renoir-Prefix.pch";
				GCC_PREPROCESSOR_DEFINITIONS = (
					"DEBUG=1",
					"$(inherited)",
				);
				INFOPLIST_FILE = "RenoirTests/RenoirTests-Info.plist";
				PRODUCT_NAME = "$(TARGET_NAME)";
				TEST_HOST = "$(BUNDLE_LOADER)";
				WRAPPER_EXTENSION = xctest;
			};
			name = Debug;
		};
		58F828CD1924B3E20044C092 /* Release */ = {
			isa = XCBuildConfiguration;
			buildSettings = {
				BUNDLE_LOADER = "$(BUILT_PRODUCTS_DIR)/Renoir.app/Renoir";
				FRAMEWORK_SEARCH_PATHS = (
					"$(SDKROOT)/Developer/Library/Frameworks",
					"$(inherited)",
					"$(DEVELOPER_FRAMEWORKS_DIR)",
				);
				GCC_PRECOMPILE_PREFIX_HEADER = YES;
				GCC_PREFIX_HEADER = "Renoir/Renoir-Prefix.pch";
				INFOPLIST_FILE = "RenoirTests/RenoirTests-Info.plist";
				PRODUCT_NAME = "$(TARGET_NAME)";
				TEST_HOST = "$(BUNDLE_LOADER)";
				WRAPPER_EXTENSION = xctest;
			};
			name = Release;
		};
/* End XCBuildConfiguration section */

/* Begin XCConfigurationList section */
		58F8288E1924B3E20044C092 /* Build configuration list for PBXProject "Renoir" */ = {
			isa = XCConfigurationList;
			buildConfigurations = (
				58F828C61924B3E20044C092 /* Debug */,
				58F828C71924B3E20044C092 /* Release */,
			);
			defaultConfigurationIsVisible = 0;
			defaultConfigurationName = Release;
		};
		58F828C81924B3E20044C092 /* Build configuration list for PBXNativeTarget "Renoir" */ = {
			isa = XCConfigurationList;
			buildConfigurations = (
				58F828C91924B3E20044C092 /* Debug */,
				58F828CA1924B3E20044C092 /* Release */,
			);
			defaultConfigurationIsVisible = 0;
			defaultConfigurationName = Release;
		};
		58F828CB1924B3E20044C092 /* Build configuration list for PBXNativeTarget "RenoirTests" */ = {
			isa = XCConfigurationList;
			buildConfigurations = (
				58F828CC1924B3E20044C092 /* Debug */,
				58F828CD1924B3E20044C092 /* Release */,
			);
			defaultConfigurationIsVisible = 0;
			defaultConfigurationName = Release;
		};
/* End XCConfigurationList section */
	};
	rootObject = 58F8288B1924B3E20044C092 /* Project object */;
}
